
Microsoft Visual Studio Solution File, Format Version 11.00
# Visual Studio 2010
Project("{FAE04EC0-301F-11D3-BF4B-00C04F79EFBC}") = "AstarPathfindingProject", "AstarPathfindingProject.csproj", "{535f1c52-7312-5088-4cf9-219aff591426}"
EndProject
Project("{FAE04EC0-301F-11D3-BF4B-00C04F79EFBC}") = "Assembly-CSharp", "Assembly-CSharp.csproj", "{4a31762f-4857-c881-a424-954a58d23302}"
EndProject
Project("{FAE04EC0-301F-11D3-BF4B-00C04F79EFBC}") = "AstarPathfindingProjectEditor", "AstarPathfindingProjectEditor.csproj", "{ad8753c9-4ba2-c033-820e-9bddb0324868}"
EndProject
Project("{FAE04EC0-301F-11D3-BF4B-00C04F79EFBC}") = "PackageToolsEditor", "PackageToolsEditor.csproj", "{7fa68604-530c-8787-3116-5a09d9b27e44}"
EndProject
Global
	GlobalSection(SolutionConfigurationPlatforms) = preSolution
		Debug|Any CPU = Debug|Any CPU
	EndGlobalSection
	GlobalSection(ProjectConfigurationPlatforms) = postSolution
		{535f1c52-7312-5088-4cf9-219aff591426}.Debug|Any CPU.ActiveCfg = Debug|Any CPU
		{535f1c52-7312-5088-4cf9-219aff591426}.Debug|Any CPU.Build.0 = Debug|Any CPU
		{4a31762f-4857-c881-a424-954a58d23302}.Debug|Any CPU.ActiveCfg = Debug|Any CPU
		{4a31762f-4857-c881-a424-954a58d23302}.Debug|Any CPU.Build.0 = Debug|Any CPU
		{ad8753c9-4ba2-c033-820e-9bddb0324868}.Debug|Any CPU.ActiveCfg = Debug|Any CPU
		{ad8753c9-4ba2-c033-820e-9bddb0324868}.Debug|Any CPU.Build.0 = Debug|Any CPU
		{7fa68604-530c-8787-3116-5a09d9b27e44}.Debug|Any CPU.ActiveCfg = Debug|Any CPU
		{7fa68604-530c-8787-3116-5a09d9b27e44}.Debug|Any CPU.Build.0 = Debug|Any CPU
	EndGlobalSection
	GlobalSection(SolutionProperties) = preSolution
		HideSolutionNode = FALSE
	EndGlobalSection
EndGlobal
